
Microsoft Visual Studio Solution File, Format Version 11.00
# Visual Studio 2010
Project("{8BC9CEB8-8B4A-11D0-8D11-00A0C91BC942}") = "LoginGate", "LoginGate\LoginGate.vcxproj", "{77DBB829-F8CB-4A98-A25E-99B55113E6CD}"
EndProject
Project("{8BC9CEB8-8B4A-11D0-8D11-00A0C91BC942}") = "CrashServer", "CrashServer\CrashServer.vcxproj", "{EB56F4EE-2CD7-4DF7-8730-A7D05B873FF2}"
EndProject
Global
	GlobalSection(SolutionConfigurationPlatforms) = preSolution
		Debug|Win32 = Debug|Win32
		Release|Win32 = Release|Win32
	EndGlobalSection
	GlobalSection(ProjectConfigurationPlatforms) = postSolution
		{77DBB829-F8CB-4A98-A25E-99B55113E6CD}.Debug|Win32.ActiveCfg = Debug|Win32
		{77DBB829-F8CB-4A98-A25E-99B55113E6CD}.Debug|Win32.Build.0 = Debug|Win32
		{77DBB829-F8CB-4A98-A25E-99B55113E6CD}.Release|Win32.ActiveCfg = Release|Win32
		{77DBB829-F8CB-4A98-A25E-99B55113E6CD}.Release|Win32.Build.0 = Release|Win32
		{EB56F4EE-2CD7-4DF7-8730-A7D05B873FF2}.Debug|Win32.ActiveCfg = Debug|Win32
		{EB56F4EE-2CD7-4DF7-8730-A7D05B873FF2}.Debug|Win32.Build.0 = Debug|Win32
		{EB56F4EE-2CD7-4DF7-8730-A7D05B873FF2}.Release|Win32.ActiveCfg = Release|Win32
		{EB56F4EE-2CD7-4DF7-8730-A7D05B873FF2}.Release|Win32.Build.0 = Release|Win32
	EndGlobalSection
	GlobalSection(SolutionProperties) = preSolution
		HideSolutionNode = FALSE
	EndGlobalSection
EndGlobal
